<?xml version="1.0" encoding="utf-8"?>
<Project ToolsVersion="4.0" xmlns="http://schemas.microsoft.com/developer/msbuild/2003">
  <ItemGroup>
    <Filter Include="Source Files">
      <UniqueIdentifier>{4FC737F1-C7A5-4376-A066-2A32D752A2FF}</UniqueIdentifier>
      <Extensions>cpp;c;cc;cxx;c++;cppm;ixx;def;odl;idl;hpj;bat;asm;asmx</Extensions>
    </Filter>
    <Filter Include="Header Files">
      <UniqueIdentifier>{93995380-89BD-4b04-88EB-625FBE52EBFB}</UniqueIdentifier>
      <Extensions>h;hh;hpp;hxx;h++;hm;inl;inc;ipp;xsd</Extensions>
    </Filter>
    <Filter Include="Resource Files">
      <UniqueIdentifier>{67DA6AB6-F800-4c08-8B7A-83BB121AAD01}</UniqueIdentifier>
      <Extensions>rc;ico;cur;bmp;dlg;rc2;rct;bin;rgs;gif;jpg;jpeg;jpe;resx;tiff;tif;png;wav;mfcribbon-ms</Extensions>
    </Filter>
    <Filter Include="Third Party">
      <UniqueIdentifier>{852f22e3-35e3-44be-8956-f7b736afcf66}</UniqueIdentifier>
    </Filter>
    <Filter Include="Header Files\Utils">
      <UniqueIdentifier>{ee1178ea-624a-4d36-a1a1-81406ccf77c3}</UniqueIdentifier>
    </Filter>
    <Filter Include="Third Party\Kiero">
      <UniqueIdentifier>{0abe3a06-6885-4cd4-8d4f-40c5209e9db6}</UniqueIdentifier>
    </Filter>
    <Filter Include="Third Party\MinHook">
      <UniqueIdentifier>{bd70b5e5-683c-4237-88ac-35eaef01d433}</UniqueIdentifier>
    </Filter>
    <Filter Include="Source Files\Utils">
      <UniqueIdentifier>{ef0d9656-b193-4602-961c-181c860f9124}</UniqueIdentifier>
    </Filter>
  </ItemGroup>
  <ItemGroup>
    <ClInclude Include="xorstr.hpp">
      <Filter>Third Party</Filter>
    </ClInclude>
    <ClInclude Include="util.h">
      <Filter>Header Files\Utils</Filter>
    </ClInclude>
    <ClInclude Include="settings.h">
      <Filter>Header Files</Filter>
    </ClInclude>
    <ClInclude Include="hook.h">
      <Filter>Header Files\Utils</Filter>
    </ClInclude>
    <ClInclude Include="memory.h">
      <Filter>Header Files\Utils</Filter>
    </ClInclude>
    <ClInclude Include="curl.h">
      <Filter>Header Files</Filter>
    </ClInclude>
    <ClInclude Include="defs.h">
      <Filter>Third Party</Filter>
    </ClInclude>
    <ClInclude Include="main.h">
      <Filter>Header Files</Filter>
    </ClInclude>
    <ClInclude Include="structs.h">
      <Filter>Header Files\Utils</Filter>
    </ClInclude>
    <ClInclude Include="MinHook.h">
      <Filter>Third Party\MinHook</Filter>
    </ClInclude>
    <ClInclude Include="kiero.h">
      <Filter>Third Party\Kiero</Filter>
    </ClInclude>
    <ClInclude Include="enums.h">
      <Filter>Header Files</Filter>
    </ClInclude>
    <ClInclude Include="codes.h">
      <Filter>Header Files</Filter>
    </ClInclude>
  </ItemGroup>
  <ItemGroup>
    <ClCompile Include="dllmain.cpp">
      <Filter>Source Files</Filter>
    </ClCompile>
    <ClCompile Include="main.cpp">
      <Filter>Source Files</Filter>
    </ClCompile>
    <ClCompile Include="kiero.cpp">
      <Filter>Third Party\Kiero</Filter>
    </ClCompile>
    <ClCompile Include="util.cpp">
      <Filter>Source Files\Utils</Filter>
    </ClCompile>
  </ItemGroup>
  <ItemGroup>
    <Library Include="minhook.lib">
      <Filter>Third Party\MinHook</Filter>
    </Library>
  </ItemGroup>
</Project>